# This file is automatically @generated by Wally.
# It is not intended for manual editing.
registry = "test"

[[package]]
name = "kiy4ku/robloxformatnumber"
version = "31.1.0"
dependencies = []

[[package]]
name = "lm-loleris/profilestore"
version = "1.0.3"
dependencies = []

[[package]]
name = "velkhana/mushroom-tycoon"
version = "0.1.0"
dependencies = [["robloxformatnumber", "kiy4ku/robloxformatnumber@31.1.0"], ["profilestore", "lm-loleris/profilestore@1.0.3"]]
